// !$*UTF8*$!
{
	archiveVersion = 1;
	classes = {
	};
	objectVersion = 42;
	objects = {

/* Begin PBXBuildFile section */
		BBAB23CB13894F3D00AA2426 /* GLUT.framework in CopyFiles */ = {isa = PBXBuildFile; fileRef = BBAB23BE13894E4700AA2426 /* GLUT.framework */; };
		E4328149138ABC9F0047C5CB /* openFrameworksDebug.a in Frameworks */ = {isa = PBXBuildFile; fileRef = E4328148138ABC890047C5CB /* openFrameworksDebug.a */; };
		E45BE97B0E8CC7DD009D7055 /* AGL.framework in Frameworks */ = {isa = PBXBuildFile; fileRef = E45BE9710E8CC7DD009D7055 /* AGL.framework */; };
		E45BE97C0E8CC7DD009D7055 /* ApplicationServices.framework in Frameworks */ = {isa = PBXBuildFile; fileRef = E45BE9720E8CC7DD009D7055 /* ApplicationServices.framework */; };
		E45BE97D0E8CC7DD009D7055 /* AudioToolbox.framework in Frameworks */ = {isa = PBXBuildFile; fileRef = E45BE9730E8CC7DD009D7055 /* AudioToolbox.framework */; };
		E45BE97E0E8CC7DD009D7055 /* Carbon.framework in Frameworks */ = {isa = PBXBuildFile; fileRef = E45BE9740E8CC7DD009D7055 /* Carbon.framework */; };
		E45BE97F0E8CC7DD009D7055 /* CoreAudio.framework in Frameworks */ = {isa = PBXBuildFile; fileRef = E45BE9750E8CC7DD009D7055 /* CoreAudio.framework */; };
		E45BE9800E8CC7DD009D7055 /* CoreFoundation.framework in Frameworks */ = {isa = PBXBuildFile; fileRef = E45BE9760E8CC7DD009D7055 /* CoreFoundation.framework */; };
		E45BE9810E8CC7DD009D7055 /* CoreServices.framework in Frameworks */ = {isa = PBXBuildFile; fileRef = E45BE9770E8CC7DD009D7055 /* CoreServices.framework */; };
		E45BE9830E8CC7DD009D7055 /* OpenGL.framework in Frameworks */ = {isa = PBXBuildFile; fileRef = E45BE9790E8CC7DD009D7055 /* OpenGL.framework */; };
		E45BE9840E8CC7DD009D7055 /* QuickTime.framework in Frameworks */ = {isa = PBXBuildFile; fileRef = E45BE97A0E8CC7DD009D7055 /* QuickTime.framework */; };
		E4B69E200A3A1BDC003C02F2 /* main.cpp in Sources */ = {isa = PBXBuildFile; fileRef = E4B69E1D0A3A1BDC003C02F2 /* main.cpp */; };
		E4B69E210A3A1BDC003C02F2 /* testApp.cpp in Sources */ = {isa = PBXBuildFile; fileRef = E4B69E1E0A3A1BDC003C02F2 /* testApp.cpp */; };
		E4C2424710CC5A17004149E2 /* AppKit.framework in Frameworks */ = {isa = PBXBuildFile; fileRef = E4C2424410CC5A17004149E2 /* AppKit.framework */; };
		E4C2424810CC5A17004149E2 /* Cocoa.framework in Frameworks */ = {isa = PBXBuildFile; fileRef = E4C2424510CC5A17004149E2 /* Cocoa.framework */; };
		E4C2424910CC5A17004149E2 /* IOKit.framework in Frameworks */ = {isa = PBXBuildFile; fileRef = E4C2424610CC5A17004149E2 /* IOKit.framework */; };
		E4EB6799138ADC1D00A09F29 /* GLUT.framework in Frameworks */ = {isa = PBXBuildFile; fileRef = BBAB23BE13894E4700AA2426 /* GLUT.framework */; };
		E76B90E513E1E16A0091E482 /* FTBuffer.cpp in Sources */ = {isa = PBXBuildFile; fileRef = E76B908913E1E16A0091E482 /* FTBuffer.cpp */; };
		E76B90E613E1E16A0091E482 /* FTCharmap.cpp in Sources */ = {isa = PBXBuildFile; fileRef = E76B908A13E1E16A0091E482 /* FTCharmap.cpp */; };
		E76B90E713E1E16A0091E482 /* FTContour.cpp in Sources */ = {isa = PBXBuildFile; fileRef = E76B908D13E1E16A0091E482 /* FTContour.cpp */; };
		E76B90E813E1E16A0091E482 /* FTFace.cpp in Sources */ = {isa = PBXBuildFile; fileRef = E76B908F13E1E16A0091E482 /* FTFace.cpp */; };
		E76B90E913E1E16A0091E482 /* FTBitmapFont.cpp in Sources */ = {isa = PBXBuildFile; fileRef = E76B909213E1E16A0091E482 /* FTBitmapFont.cpp */; };
		E76B90EA13E1E16A0091E482 /* FTBufferFont.cpp in Sources */ = {isa = PBXBuildFile; fileRef = E76B909413E1E16A0091E482 /* FTBufferFont.cpp */; };
		E76B90EB13E1E16A0091E482 /* FTExtrudeFont.cpp in Sources */ = {isa = PBXBuildFile; fileRef = E76B909613E1E16A0091E482 /* FTExtrudeFont.cpp */; };
		E76B90EC13E1E16A0091E482 /* FTFont.cpp in Sources */ = {isa = PBXBuildFile; fileRef = E76B909813E1E16A0091E482 /* FTFont.cpp */; };
		E76B90ED13E1E16A0091E482 /* FTFontGlue.cpp in Sources */ = {isa = PBXBuildFile; fileRef = E76B909913E1E16A0091E482 /* FTFontGlue.cpp */; };
		E76B90EE13E1E16A0091E482 /* FTOutlineFont.cpp in Sources */ = {isa = PBXBuildFile; fileRef = E76B909B13E1E16A0091E482 /* FTOutlineFont.cpp */; };
		E76B90EF13E1E16A0091E482 /* FTPixmapFont.cpp in Sources */ = {isa = PBXBuildFile; fileRef = E76B909D13E1E16A0091E482 /* FTPixmapFont.cpp */; };
		E76B90F013E1E16A0091E482 /* FTPolygonFont.cpp in Sources */ = {isa = PBXBuildFile; fileRef = E76B909F13E1E16A0091E482 /* FTPolygonFont.cpp */; };
		E76B90F113E1E16A0091E482 /* FTTextureFont.cpp in Sources */ = {isa = PBXBuildFile; fileRef = E76B90A113E1E16A0091E482 /* FTTextureFont.cpp */; };
		E76B90F213E1E16A0091E482 /* FTBitmapGlyph.cpp in Sources */ = {isa = PBXBuildFile; fileRef = E76B90BB13E1E16A0091E482 /* FTBitmapGlyph.cpp */; };
		E76B90F313E1E16A0091E482 /* FTBufferGlyph.cpp in Sources */ = {isa = PBXBuildFile; fileRef = E76B90BD13E1E16A0091E482 /* FTBufferGlyph.cpp */; };
		E76B90F413E1E16A0091E482 /* FTExtrudeGlyph.cpp in Sources */ = {isa = PBXBuildFile; fileRef = E76B90BF13E1E16A0091E482 /* FTExtrudeGlyph.cpp */; };
		E76B90F513E1E16A0091E482 /* FTGlyph.cpp in Sources */ = {isa = PBXBuildFile; fileRef = E76B90C113E1E16A0091E482 /* FTGlyph.cpp */; };
		E76B90F613E1E16A0091E482 /* FTGlyphGlue.cpp in Sources */ = {isa = PBXBuildFile; fileRef = E76B90C213E1E16A0091E482 /* FTGlyphGlue.cpp */; };
		E76B90F713E1E16A0091E482 /* FTOutlineGlyph.cpp in Sources */ = {isa = PBXBuildFile; fileRef = E76B90C413E1E16A0091E482 /* FTOutlineGlyph.cpp */; };
		E76B90F813E1E16A0091E482 /* FTPixmapGlyph.cpp in Sources */ = {isa = PBXBuildFile; fileRef = E76B90C613E1E16A0091E482 /* FTPixmapGlyph.cpp */; };
		E76B90F913E1E16A0091E482 /* FTPolygonGlyph.cpp in Sources */ = {isa = PBXBuildFile; fileRef = E76B90C813E1E16A0091E482 /* FTPolygonGlyph.cpp */; };
		E76B90FA13E1E16A0091E482 /* FTTextureGlyph.cpp in Sources */ = {isa = PBXBuildFile; fileRef = E76B90CA13E1E16A0091E482 /* FTTextureGlyph.cpp */; };
		E76B90FB13E1E16A0091E482 /* FTGlyphContainer.cpp in Sources */ = {isa = PBXBuildFile; fileRef = E76B90CC13E1E16A0091E482 /* FTGlyphContainer.cpp */; };
		E76B90FC13E1E16A0091E482 /* FTLayout.cpp in Sources */ = {isa = PBXBuildFile; fileRef = E76B90D013E1E16A0091E482 /* FTLayout.cpp */; };
		E76B90FD13E1E16A0091E482 /* FTLayoutGlue.cpp in Sources */ = {isa = PBXBuildFile; fileRef = E76B90D113E1E16A0091E482 /* FTLayoutGlue.cpp */; };
		E76B90FE13E1E16A0091E482 /* FTSimpleLayout.cpp in Sources */ = {isa = PBXBuildFile; fileRef = E76B90D313E1E16A0091E482 /* FTSimpleLayout.cpp */; };
		E76B90FF13E1E16A0091E482 /* FTLibrary.cpp in Sources */ = {isa = PBXBuildFile; fileRef = E76B90D513E1E16A0091E482 /* FTLibrary.cpp */; };
		E76B910013E1E16A0091E482 /* FTPoint.cpp in Sources */ = {isa = PBXBuildFile; fileRef = E76B90D813E1E16A0091E482 /* FTPoint.cpp */; };
		E76B910113E1E16A0091E482 /* FTSize.cpp in Sources */ = {isa = PBXBuildFile; fileRef = E76B90D913E1E16A0091E482 /* FTSize.cpp */; };
		E76B910213E1E16A0091E482 /* FTVectoriser.cpp in Sources */ = {isa = PBXBuildFile; fileRef = E76B90DD13E1E16A0091E482 /* FTVectoriser.cpp */; };
		E76B910313E1E16A0091E482 /* ofxFTGLFont.cpp in Sources */ = {isa = PBXBuildFile; fileRef = E76B90E313E1E16A0091E482 /* ofxFTGLFont.cpp */; };
/* End PBXBuildFile section */

/* Begin PBXContainerItemProxy section */
		E4328147138ABC890047C5CB /* PBXContainerItemProxy */ = {
			isa = PBXContainerItemProxy;
			containerPortal = E4328143138ABC890047C5CB /* openFrameworksLib.xcodeproj */;
			proxyType = 2;
			remoteGlobalIDString = E4B27C1510CBEB8E00536013;
			remoteInfo = openFrameworks;
		};
		E4EEB9AB138B136A00A80321 /* PBXContainerItemProxy */ = {
			isa = PBXContainerItemProxy;
			containerPortal = E4328143138ABC890047C5CB /* openFrameworksLib.xcodeproj */;
			proxyType = 1;
			remoteGlobalIDString = E4B27C1410CBEB8E00536013;
			remoteInfo = openFrameworks;
		};
/* End PBXContainerItemProxy section */

/* Begin PBXCopyFilesBuildPhase section */
		E4C2427710CC5ABF004149E2 /* CopyFiles */ = {
			isa = PBXCopyFilesBuildPhase;
			buildActionMask = 2147483647;
			dstPath = "";
			dstSubfolderSpec = 10;
			files = (
				BBAB23CB13894F3D00AA2426 /* GLUT.framework in CopyFiles */,
			);
			runOnlyForDeploymentPostprocessing = 0;
		};
/* End PBXCopyFilesBuildPhase section */

/* Begin PBXFileReference section */
		BBAB23BE13894E4700AA2426 /* GLUT.framework */ = {isa = PBXFileReference; lastKnownFileType = wrapper.framework; name = GLUT.framework; path = ../../../libs/glut/lib/osx/GLUT.framework; sourceTree = "<group>"; };
		E4328143138ABC890047C5CB /* openFrameworksLib.xcodeproj */ = {isa = PBXFileReference; lastKnownFileType = "wrapper.pb-project"; name = openFrameworksLib.xcodeproj; path = ../../../libs/openFrameworksCompiled/project/osx/openFrameworksLib.xcodeproj; sourceTree = SOURCE_ROOT; };
		E45BE9710E8CC7DD009D7055 /* AGL.framework */ = {isa = PBXFileReference; lastKnownFileType = wrapper.framework; name = AGL.framework; path = /System/Library/Frameworks/AGL.framework; sourceTree = "<absolute>"; };
		E45BE9720E8CC7DD009D7055 /* ApplicationServices.framework */ = {isa = PBXFileReference; lastKnownFileType = wrapper.framework; name = ApplicationServices.framework; path = /System/Library/Frameworks/ApplicationServices.framework; sourceTree = "<absolute>"; };
		E45BE9730E8CC7DD009D7055 /* AudioToolbox.framework */ = {isa = PBXFileReference; lastKnownFileType = wrapper.framework; name = AudioToolbox.framework; path = /System/Library/Frameworks/AudioToolbox.framework; sourceTree = "<absolute>"; };
		E45BE9740E8CC7DD009D7055 /* Carbon.framework */ = {isa = PBXFileReference; lastKnownFileType = wrapper.framework; name = Carbon.framework; path = /System/Library/Frameworks/Carbon.framework; sourceTree = "<absolute>"; };
		E45BE9750E8CC7DD009D7055 /* CoreAudio.framework */ = {isa = PBXFileReference; lastKnownFileType = wrapper.framework; name = CoreAudio.framework; path = /System/Library/Frameworks/CoreAudio.framework; sourceTree = "<absolute>"; };
		E45BE9760E8CC7DD009D7055 /* CoreFoundation.framework */ = {isa = PBXFileReference; lastKnownFileType = wrapper.framework; name = CoreFoundation.framework; path = /System/Library/Frameworks/CoreFoundation.framework; sourceTree = "<absolute>"; };
		E45BE9770E8CC7DD009D7055 /* CoreServices.framework */ = {isa = PBXFileReference; lastKnownFileType = wrapper.framework; name = CoreServices.framework; path = /System/Library/Frameworks/CoreServices.framework; sourceTree = "<absolute>"; };
		E45BE9790E8CC7DD009D7055 /* OpenGL.framework */ = {isa = PBXFileReference; lastKnownFileType = wrapper.framework; name = OpenGL.framework; path = /System/Library/Frameworks/OpenGL.framework; sourceTree = "<absolute>"; };
		E45BE97A0E8CC7DD009D7055 /* QuickTime.framework */ = {isa = PBXFileReference; lastKnownFileType = wrapper.framework; name = QuickTime.framework; path = /System/Library/Frameworks/QuickTime.framework; sourceTree = "<absolute>"; };
		E4B69B5B0A3A1756003C02F2 /* FTGLFTWExampleDebug.app */ = {isa = PBXFileReference; explicitFileType = wrapper.application; includeInIndex = 0; path = FTGLFTWExampleDebug.app; sourceTree = BUILT_PRODUCTS_DIR; };
		E4B69E1D0A3A1BDC003C02F2 /* main.cpp */ = {isa = PBXFileReference; fileEncoding = 30; lastKnownFileType = sourcecode.cpp.cpp; name = main.cpp; path = src/main.cpp; sourceTree = SOURCE_ROOT; };
		E4B69E1E0A3A1BDC003C02F2 /* testApp.cpp */ = {isa = PBXFileReference; explicitFileType = sourcecode.cpp.cpp; fileEncoding = 30; name = testApp.cpp; path = src/testApp.cpp; sourceTree = SOURCE_ROOT; };
		E4B69E1F0A3A1BDC003C02F2 /* testApp.h */ = {isa = PBXFileReference; fileEncoding = 30; lastKnownFileType = sourcecode.c.h; name = testApp.h; path = src/testApp.h; sourceTree = SOURCE_ROOT; };
		E4B6FCAD0C3E899E008CF71C /* openFrameworks-Info.plist */ = {isa = PBXFileReference; fileEncoding = 30; lastKnownFileType = text.plist.xml; path = "openFrameworks-Info.plist"; sourceTree = "<group>"; };
		E4C2424410CC5A17004149E2 /* AppKit.framework */ = {isa = PBXFileReference; lastKnownFileType = wrapper.framework; name = AppKit.framework; path = /System/Library/Frameworks/AppKit.framework; sourceTree = "<absolute>"; };
		E4C2424510CC5A17004149E2 /* Cocoa.framework */ = {isa = PBXFileReference; lastKnownFileType = wrapper.framework; name = Cocoa.framework; path = /System/Library/Frameworks/Cocoa.framework; sourceTree = "<absolute>"; };
		E4C2424610CC5A17004149E2 /* IOKit.framework */ = {isa = PBXFileReference; lastKnownFileType = wrapper.framework; name = IOKit.framework; path = /System/Library/Frameworks/IOKit.framework; sourceTree = "<absolute>"; };
		E4EB691F138AFCF100A09F29 /* CoreOF.xcconfig */ = {isa = PBXFileReference; fileEncoding = 4; lastKnownFileType = text.xcconfig; name = CoreOF.xcconfig; path = ../../../libs/openFrameworksCompiled/project/osx/CoreOF.xcconfig; sourceTree = SOURCE_ROOT; };
		E4EB6923138AFD0F00A09F29 /* Project.xcconfig */ = {isa = PBXFileReference; fileEncoding = 4; lastKnownFileType = text.xcconfig; path = Project.xcconfig; sourceTree = "<group>"; };
		E76B908813E1E16A0091E482 /* config.h */ = {isa = PBXFileReference; fileEncoding = 4; lastKnownFileType = sourcecode.c.h; path = config.h; sourceTree = "<group>"; };
		E76B908913E1E16A0091E482 /* FTBuffer.cpp */ = {isa = PBXFileReference; fileEncoding = 4; lastKnownFileType = sourcecode.cpp.cpp; path = FTBuffer.cpp; sourceTree = "<group>"; };
		E76B908A13E1E16A0091E482 /* FTCharmap.cpp */ = {isa = PBXFileReference; fileEncoding = 4; lastKnownFileType = sourcecode.cpp.cpp; path = FTCharmap.cpp; sourceTree = "<group>"; };
		E76B908B13E1E16A0091E482 /* FTCharmap.h */ = {isa = PBXFileReference; fileEncoding = 4; lastKnownFileType = sourcecode.c.h; path = FTCharmap.h; sourceTree = "<group>"; };
		E76B908C13E1E16A0091E482 /* FTCharToGlyphIndexMap.h */ = {isa = PBXFileReference; fileEncoding = 4; lastKnownFileType = sourcecode.c.h; path = FTCharToGlyphIndexMap.h; sourceTree = "<group>"; };
		E76B908D13E1E16A0091E482 /* FTContour.cpp */ = {isa = PBXFileReference; fileEncoding = 4; lastKnownFileType = sourcecode.cpp.cpp; path = FTContour.cpp; sourceTree = "<group>"; };
		E76B908E13E1E16A0091E482 /* FTContour.h */ = {isa = PBXFileReference; fileEncoding = 4; lastKnownFileType = sourcecode.c.h; path = FTContour.h; sourceTree = "<group>"; };
		E76B908F13E1E16A0091E482 /* FTFace.cpp */ = {isa = PBXFileReference; fileEncoding = 4; lastKnownFileType = sourcecode.cpp.cpp; path = FTFace.cpp; sourceTree = "<group>"; };
		E76B909013E1E16A0091E482 /* FTFace.h */ = {isa = PBXFileReference; fileEncoding = 4; lastKnownFileType = sourcecode.c.h; path = FTFace.h; sourceTree = "<group>"; };
		E76B909213E1E16A0091E482 /* FTBitmapFont.cpp */ = {isa = PBXFileReference; fileEncoding = 4; lastKnownFileType = sourcecode.cpp.cpp; path = FTBitmapFont.cpp; sourceTree = "<group>"; };
		E76B909313E1E16A0091E482 /* FTBitmapFontImpl.h */ = {isa = PBXFileReference; fileEncoding = 4; lastKnownFileType = sourcecode.c.h; path = FTBitmapFontImpl.h; sourceTree = "<group>"; };
		E76B909413E1E16A0091E482 /* FTBufferFont.cpp */ = {isa = PBXFileReference; fileEncoding = 4; lastKnownFileType = sourcecode.cpp.cpp; path = FTBufferFont.cpp; sourceTree = "<group>"; };
		E76B909513E1E16A0091E482 /* FTBufferFontImpl.h */ = {isa = PBXFileReference; fileEncoding = 4; lastKnownFileType = sourcecode.c.h; path = FTBufferFontImpl.h; sourceTree = "<group>"; };
		E76B909613E1E16A0091E482 /* FTExtrudeFont.cpp */ = {isa = PBXFileReference; fileEncoding = 4; lastKnownFileType = sourcecode.cpp.cpp; path = FTExtrudeFont.cpp; sourceTree = "<group>"; };
		E76B909713E1E16A0091E482 /* FTExtrudeFontImpl.h */ = {isa = PBXFileReference; fileEncoding = 4; lastKnownFileType = sourcecode.c.h; path = FTExtrudeFontImpl.h; sourceTree = "<group>"; };
		E76B909813E1E16A0091E482 /* FTFont.cpp */ = {isa = PBXFileReference; fileEncoding = 4; lastKnownFileType = sourcecode.cpp.cpp; path = FTFont.cpp; sourceTree = "<group>"; };
		E76B909913E1E16A0091E482 /* FTFontGlue.cpp */ = {isa = PBXFileReference; fileEncoding = 4; lastKnownFileType = sourcecode.cpp.cpp; path = FTFontGlue.cpp; sourceTree = "<group>"; };
		E76B909A13E1E16A0091E482 /* FTFontImpl.h */ = {isa = PBXFileReference; fileEncoding = 4; lastKnownFileType = sourcecode.c.h; path = FTFontImpl.h; sourceTree = "<group>"; };
		E76B909B13E1E16A0091E482 /* FTOutlineFont.cpp */ = {isa = PBXFileReference; fileEncoding = 4; lastKnownFileType = sourcecode.cpp.cpp; path = FTOutlineFont.cpp; sourceTree = "<group>"; };
		E76B909C13E1E16A0091E482 /* FTOutlineFontImpl.h */ = {isa = PBXFileReference; fileEncoding = 4; lastKnownFileType = sourcecode.c.h; path = FTOutlineFontImpl.h; sourceTree = "<group>"; };
		E76B909D13E1E16A0091E482 /* FTPixmapFont.cpp */ = {isa = PBXFileReference; fileEncoding = 4; lastKnownFileType = sourcecode.cpp.cpp; path = FTPixmapFont.cpp; sourceTree = "<group>"; };
		E76B909E13E1E16A0091E482 /* FTPixmapFontImpl.h */ = {isa = PBXFileReference; fileEncoding = 4; lastKnownFileType = sourcecode.c.h; path = FTPixmapFontImpl.h; sourceTree = "<group>"; };
		E76B909F13E1E16A0091E482 /* FTPolygonFont.cpp */ = {isa = PBXFileReference; fileEncoding = 4; lastKnownFileType = sourcecode.cpp.cpp; path = FTPolygonFont.cpp; sourceTree = "<group>"; };
		E76B90A013E1E16A0091E482 /* FTPolygonFontImpl.h */ = {isa = PBXFileReference; fileEncoding = 4; lastKnownFileType = sourcecode.c.h; path = FTPolygonFontImpl.h; sourceTree = "<group>"; };
		E76B90A113E1E16A0091E482 /* FTTextureFont.cpp */ = {isa = PBXFileReference; fileEncoding = 4; lastKnownFileType = sourcecode.cpp.cpp; path = FTTextureFont.cpp; sourceTree = "<group>"; };
		E76B90A213E1E16A0091E482 /* FTTextureFontImpl.h */ = {isa = PBXFileReference; fileEncoding = 4; lastKnownFileType = sourcecode.c.h; path = FTTextureFontImpl.h; sourceTree = "<group>"; };
		E76B90A413E1E16A0091E482 /* FTBBox.h */ = {isa = PBXFileReference; fileEncoding = 4; lastKnownFileType = sourcecode.c.h; path = FTBBox.h; sourceTree = "<group>"; };
		E76B90A513E1E16A0091E482 /* FTBitmapGlyph.h */ = {isa = PBXFileReference; fileEncoding = 4; lastKnownFileType = sourcecode.c.h; path = FTBitmapGlyph.h; sourceTree = "<group>"; };
		E76B90A613E1E16A0091E482 /* FTBuffer.h */ = {isa = PBXFileReference; fileEncoding = 4; lastKnownFileType = sourcecode.c.h; path = FTBuffer.h; sourceTree = "<group>"; };
		E76B90A713E1E16A0091E482 /* FTBufferFont.h */ = {isa = PBXFileReference; fileEncoding = 4; lastKnownFileType = sourcecode.c.h; path = FTBufferFont.h; sourceTree = "<group>"; };
		E76B90A813E1E16A0091E482 /* FTBufferGlyph.h */ = {isa = PBXFileReference; fileEncoding = 4; lastKnownFileType = sourcecode.c.h; path = FTBufferGlyph.h; sourceTree = "<group>"; };
		E76B90A913E1E16A0091E482 /* FTExtrdGlyph.h */ = {isa = PBXFileReference; fileEncoding = 4; lastKnownFileType = sourcecode.c.h; path = FTExtrdGlyph.h; sourceTree = "<group>"; };
		E76B90AA13E1E16A0091E482 /* FTFont.h */ = {isa = PBXFileReference; fileEncoding = 4; lastKnownFileType = sourcecode.c.h; path = FTFont.h; sourceTree = "<group>"; };
		E76B90AB13E1E16A0091E482 /* ftgl.h */ = {isa = PBXFileReference; fileEncoding = 4; lastKnownFileType = sourcecode.c.h; path = ftgl.h; sourceTree = "<group>"; };
		E76B90AC13E1E16A0091E482 /* FTGLBitmapFont.h */ = {isa = PBXFileReference; fileEncoding = 4; lastKnownFileType = sourcecode.c.h; path = FTGLBitmapFont.h; sourceTree = "<group>"; };
		E76B90AD13E1E16A0091E482 /* FTGLExtrdFont.h */ = {isa = PBXFileReference; fileEncoding = 4; lastKnownFileType = sourcecode.c.h; path = FTGLExtrdFont.h; sourceTree = "<group>"; };
		E76B90AE13E1E16A0091E482 /* FTGLOutlineFont.h */ = {isa = PBXFileReference; fileEncoding = 4; lastKnownFileType = sourcecode.c.h; path = FTGLOutlineFont.h; sourceTree = "<group>"; };
		E76B90AF13E1E16A0091E482 /* FTGLPixmapFont.h */ = {isa = PBXFileReference; fileEncoding = 4; lastKnownFileType = sourcecode.c.h; path = FTGLPixmapFont.h; sourceTree = "<group>"; };
		E76B90B013E1E16A0091E482 /* FTGLPolygonFont.h */ = {isa = PBXFileReference; fileEncoding = 4; lastKnownFileType = sourcecode.c.h; path = FTGLPolygonFont.h; sourceTree = "<group>"; };
		E76B90B113E1E16A0091E482 /* FTGLTextureFont.h */ = {isa = PBXFileReference; fileEncoding = 4; lastKnownFileType = sourcecode.c.h; path = FTGLTextureFont.h; sourceTree = "<group>"; };
		E76B90B213E1E16A0091E482 /* FTGlyph.h */ = {isa = PBXFileReference; fileEncoding = 4; lastKnownFileType = sourcecode.c.h; path = FTGlyph.h; sourceTree = "<group>"; };
		E76B90B313E1E16A0091E482 /* FTLayout.h */ = {isa = PBXFileReference; fileEncoding = 4; lastKnownFileType = sourcecode.c.h; path = FTLayout.h; sourceTree = "<group>"; };
		E76B90B413E1E16A0091E482 /* FTOutlineGlyph.h */ = {isa = PBXFileReference; fileEncoding = 4; lastKnownFileType = sourcecode.c.h; path = FTOutlineGlyph.h; sourceTree = "<group>"; };
		E76B90B513E1E16A0091E482 /* FTPixmapGlyph.h */ = {isa = PBXFileReference; fileEncoding = 4; lastKnownFileType = sourcecode.c.h; path = FTPixmapGlyph.h; sourceTree = "<group>"; };
		E76B90B613E1E16A0091E482 /* FTPoint.h */ = {isa = PBXFileReference; fileEncoding = 4; lastKnownFileType = sourcecode.c.h; path = FTPoint.h; sourceTree = "<group>"; };
		E76B90B713E1E16A0091E482 /* FTPolyGlyph.h */ = {isa = PBXFileReference; fileEncoding = 4; lastKnownFileType = sourcecode.c.h; path = FTPolyGlyph.h; sourceTree = "<group>"; };
		E76B90B813E1E16A0091E482 /* FTSimpleLayout.h */ = {isa = PBXFileReference; fileEncoding = 4; lastKnownFileType = sourcecode.c.h; path = FTSimpleLayout.h; sourceTree = "<group>"; };
		E76B90B913E1E16A0091E482 /* FTTextureGlyph.h */ = {isa = PBXFileReference; fileEncoding = 4; lastKnownFileType = sourcecode.c.h; path = FTTextureGlyph.h; sourceTree = "<group>"; };
		E76B90BB13E1E16A0091E482 /* FTBitmapGlyph.cpp */ = {isa = PBXFileReference; fileEncoding = 4; lastKnownFileType = sourcecode.cpp.cpp; path = FTBitmapGlyph.cpp; sourceTree = "<group>"; };
		E76B90BC13E1E16A0091E482 /* FTBitmapGlyphImpl.h */ = {isa = PBXFileReference; fileEncoding = 4; lastKnownFileType = sourcecode.c.h; path = FTBitmapGlyphImpl.h; sourceTree = "<group>"; };
		E76B90BD13E1E16A0091E482 /* FTBufferGlyph.cpp */ = {isa = PBXFileReference; fileEncoding = 4; lastKnownFileType = sourcecode.cpp.cpp; path = FTBufferGlyph.cpp; sourceTree = "<group>"; };
		E76B90BE13E1E16A0091E482 /* FTBufferGlyphImpl.h */ = {isa = PBXFileReference; fileEncoding = 4; lastKnownFileType = sourcecode.c.h; path = FTBufferGlyphImpl.h; sourceTree = "<group>"; };
		E76B90BF13E1E16A0091E482 /* FTExtrudeGlyph.cpp */ = {isa = PBXFileReference; fileEncoding = 4; lastKnownFileType = sourcecode.cpp.cpp; path = FTExtrudeGlyph.cpp; sourceTree = "<group>"; };
		E76B90C013E1E16A0091E482 /* FTExtrudeGlyphImpl.h */ = {isa = PBXFileReference; fileEncoding = 4; lastKnownFileType = sourcecode.c.h; path = FTExtrudeGlyphImpl.h; sourceTree = "<group>"; };
		E76B90C113E1E16A0091E482 /* FTGlyph.cpp */ = {isa = PBXFileReference; fileEncoding = 4; lastKnownFileType = sourcecode.cpp.cpp; path = FTGlyph.cpp; sourceTree = "<group>"; };
		E76B90C213E1E16A0091E482 /* FTGlyphGlue.cpp */ = {isa = PBXFileReference; fileEncoding = 4; lastKnownFileType = sourcecode.cpp.cpp; path = FTGlyphGlue.cpp; sourceTree = "<group>"; };
		E76B90C313E1E16A0091E482 /* FTGlyphImpl.h */ = {isa = PBXFileReference; fileEncoding = 4; lastKnownFileType = sourcecode.c.h; path = FTGlyphImpl.h; sourceTree = "<group>"; };
		E76B90C413E1E16A0091E482 /* FTOutlineGlyph.cpp */ = {isa = PBXFileReference; fileEncoding = 4; lastKnownFileType = sourcecode.cpp.cpp; path = FTOutlineGlyph.cpp; sourceTree = "<group>"; };
		E76B90C513E1E16A0091E482 /* FTOutlineGlyphImpl.h */ = {isa = PBXFileReference; fileEncoding = 4; lastKnownFileType = sourcecode.c.h; path = FTOutlineGlyphImpl.h; sourceTree = "<group>"; };
		E76B90C613E1E16A0091E482 /* FTPixmapGlyph.cpp */ = {isa = PBXFileReference; fileEncoding = 4; lastKnownFileType = sourcecode.cpp.cpp; path = FTPixmapGlyph.cpp; sourceTree = "<group>"; };
		E76B90C713E1E16A0091E482 /* FTPixmapGlyphImpl.h */ = {isa = PBXFileReference; fileEncoding = 4; lastKnownFileType = sourcecode.c.h; path = FTPixmapGlyphImpl.h; sourceTree = "<group>"; };
		E76B90C813E1E16A0091E482 /* FTPolygonGlyph.cpp */ = {isa = PBXFileReference; fileEncoding = 4; lastKnownFileType = sourcecode.cpp.cpp; path = FTPolygonGlyph.cpp; sourceTree = "<group>"; };
		E76B90C913E1E16A0091E482 /* FTPolygonGlyphImpl.h */ = {isa = PBXFileReference; fileEncoding = 4; lastKnownFileType = sourcecode.c.h; path = FTPolygonGlyphImpl.h; sourceTree = "<group>"; };
		E76B90CA13E1E16A0091E482 /* FTTextureGlyph.cpp */ = {isa = PBXFileReference; fileEncoding = 4; lastKnownFileType = sourcecode.cpp.cpp; path = FTTextureGlyph.cpp; sourceTree = "<group>"; };
		E76B90CB13E1E16A0091E482 /* FTTextureGlyphImpl.h */ = {isa = PBXFileReference; fileEncoding = 4; lastKnownFileType = sourcecode.c.h; path = FTTextureGlyphImpl.h; sourceTree = "<group>"; };
		E76B90CC13E1E16A0091E482 /* FTGlyphContainer.cpp */ = {isa = PBXFileReference; fileEncoding = 4; lastKnownFileType = sourcecode.cpp.cpp; path = FTGlyphContainer.cpp; sourceTree = "<group>"; };
		E76B90CD13E1E16A0091E482 /* FTGlyphContainer.h */ = {isa = PBXFileReference; fileEncoding = 4; lastKnownFileType = sourcecode.c.h; path = FTGlyphContainer.h; sourceTree = "<group>"; };
		E76B90CE13E1E16A0091E482 /* FTInternals.h */ = {isa = PBXFileReference; fileEncoding = 4; lastKnownFileType = sourcecode.c.h; path = FTInternals.h; sourceTree = "<group>"; };
		E76B90D013E1E16A0091E482 /* FTLayout.cpp */ = {isa = PBXFileReference; fileEncoding = 4; lastKnownFileType = sourcecode.cpp.cpp; path = FTLayout.cpp; sourceTree = "<group>"; };
		E76B90D113E1E16A0091E482 /* FTLayoutGlue.cpp */ = {isa = PBXFileReference; fileEncoding = 4; lastKnownFileType = sourcecode.cpp.cpp; path = FTLayoutGlue.cpp; sourceTree = "<group>"; };
		E76B90D213E1E16A0091E482 /* FTLayoutImpl.h */ = {isa = PBXFileReference; fileEncoding = 4; lastKnownFileType = sourcecode.c.h; path = FTLayoutImpl.h; sourceTree = "<group>"; };
		E76B90D313E1E16A0091E482 /* FTSimpleLayout.cpp */ = {isa = PBXFileReference; fileEncoding = 4; lastKnownFileType = sourcecode.cpp.cpp; path = FTSimpleLayout.cpp; sourceTree = "<group>"; };
		E76B90D413E1E16A0091E482 /* FTSimpleLayoutImpl.h */ = {isa = PBXFileReference; fileEncoding = 4; lastKnownFileType = sourcecode.c.h; path = FTSimpleLayoutImpl.h; sourceTree = "<group>"; };
		E76B90D513E1E16A0091E482 /* FTLibrary.cpp */ = {isa = PBXFileReference; fileEncoding = 4; lastKnownFileType = sourcecode.cpp.cpp; path = FTLibrary.cpp; sourceTree = "<group>"; };
		E76B90D613E1E16A0091E482 /* FTLibrary.h */ = {isa = PBXFileReference; fileEncoding = 4; lastKnownFileType = sourcecode.c.h; path = FTLibrary.h; sourceTree = "<group>"; };
		E76B90D713E1E16A0091E482 /* FTList.h */ = {isa = PBXFileReference; fileEncoding = 4; lastKnownFileType = sourcecode.c.h; path = FTList.h; sourceTree = "<group>"; };
		E76B90D813E1E16A0091E482 /* FTPoint.cpp */ = {isa = PBXFileReference; fileEncoding = 4; lastKnownFileType = sourcecode.cpp.cpp; path = FTPoint.cpp; sourceTree = "<group>"; };
		E76B90D913E1E16A0091E482 /* FTSize.cpp */ = {isa = PBXFileReference; fileEncoding = 4; lastKnownFileType = sourcecode.cpp.cpp; path = FTSize.cpp; sourceTree = "<group>"; };
		E76B90DA13E1E16A0091E482 /* FTSize.h */ = {isa = PBXFileReference; fileEncoding = 4; lastKnownFileType = sourcecode.c.h; path = FTSize.h; sourceTree = "<group>"; };
		E76B90DB13E1E16A0091E482 /* FTUnicode.h */ = {isa = PBXFileReference; fileEncoding = 4; lastKnownFileType = sourcecode.c.h; path = FTUnicode.h; sourceTree = "<group>"; };
		E76B90DC13E1E16A0091E482 /* FTVector.h */ = {isa = PBXFileReference; fileEncoding = 4; lastKnownFileType = sourcecode.c.h; path = FTVector.h; sourceTree = "<group>"; };
		E76B90DD13E1E16A0091E482 /* FTVectoriser.cpp */ = {isa = PBXFileReference; fileEncoding = 4; lastKnownFileType = sourcecode.cpp.cpp; path = FTVectoriser.cpp; sourceTree = "<group>"; };
		E76B90DE13E1E16A0091E482 /* FTVectoriser.h */ = {isa = PBXFileReference; fileEncoding = 4; lastKnownFileType = sourcecode.c.h; path = FTVectoriser.h; sourceTree = "<group>"; };
		E76B90DF13E1E16A0091E482 /* Makefile.am */ = {isa = PBXFileReference; fileEncoding = 4; lastKnownFileType = text; path = Makefile.am; sourceTree = "<group>"; };
		E76B90E013E1E16A0091E482 /* Makefile.in */ = {isa = PBXFileReference; fileEncoding = 4; lastKnownFileType = text; path = Makefile.in; sourceTree = "<group>"; };
		E76B90E313E1E16A0091E482 /* ofxFTGLFont.cpp */ = {isa = PBXFileReference; fileEncoding = 4; lastKnownFileType = sourcecode.cpp.cpp; path = ofxFTGLFont.cpp; sourceTree = "<group>"; };
		E76B90E413E1E16A0091E482 /* ofxFTGLFont.h */ = {isa = PBXFileReference; fileEncoding = 4; lastKnownFileType = sourcecode.c.h; path = ofxFTGLFont.h; sourceTree = "<group>"; };
/* End PBXFileReference section */

/* Begin PBXFrameworksBuildPhase section */
		E4B69B590A3A1756003C02F2 /* Frameworks */ = {
			isa = PBXFrameworksBuildPhase;
			buildActionMask = 2147483647;
			files = (
				E4EB6799138ADC1D00A09F29 /* GLUT.framework in Frameworks */,
				E4328149138ABC9F0047C5CB /* openFrameworksDebug.a in Frameworks */,
				E45BE97B0E8CC7DD009D7055 /* AGL.framework in Frameworks */,
				E45BE97C0E8CC7DD009D7055 /* ApplicationServices.framework in Frameworks */,
				E45BE97D0E8CC7DD009D7055 /* AudioToolbox.framework in Frameworks */,
				E45BE97E0E8CC7DD009D7055 /* Carbon.framework in Frameworks */,
				E45BE97F0E8CC7DD009D7055 /* CoreAudio.framework in Frameworks */,
				E45BE9800E8CC7DD009D7055 /* CoreFoundation.framework in Frameworks */,
				E45BE9810E8CC7DD009D7055 /* CoreServices.framework in Frameworks */,
				E45BE9830E8CC7DD009D7055 /* OpenGL.framework in Frameworks */,
				E45BE9840E8CC7DD009D7055 /* QuickTime.framework in Frameworks */,
				E4C2424710CC5A17004149E2 /* AppKit.framework in Frameworks */,
				E4C2424810CC5A17004149E2 /* Cocoa.framework in Frameworks */,
				E4C2424910CC5A17004149E2 /* IOKit.framework in Frameworks */,
			);
			runOnlyForDeploymentPostprocessing = 0;
		};
/* End PBXFrameworksBuildPhase section */

/* Begin PBXGroup section */
		BB4B014C10F69532006C3DED /* addons */ = {
			isa = PBXGroup;
			children = (
				E76B8FA413E1E16A0091E482 /* ofxFTGL */,
			);
			name = addons;
			sourceTree = "<group>";
		};
		BBAB23C913894ECA00AA2426 /* system frameworks */ = {
			isa = PBXGroup;
			children = (
				E4C2424410CC5A17004149E2 /* AppKit.framework */,
				E4C2424510CC5A17004149E2 /* Cocoa.framework */,
				E4C2424610CC5A17004149E2 /* IOKit.framework */,
				E45BE9710E8CC7DD009D7055 /* AGL.framework */,
				E45BE9720E8CC7DD009D7055 /* ApplicationServices.framework */,
				E45BE9730E8CC7DD009D7055 /* AudioToolbox.framework */,
				E45BE9740E8CC7DD009D7055 /* Carbon.framework */,
				E45BE9750E8CC7DD009D7055 /* CoreAudio.framework */,
				E45BE9760E8CC7DD009D7055 /* CoreFoundation.framework */,
				E45BE9770E8CC7DD009D7055 /* CoreServices.framework */,
				E45BE9790E8CC7DD009D7055 /* OpenGL.framework */,
				E45BE97A0E8CC7DD009D7055 /* QuickTime.framework */,
			);
			name = "system frameworks";
			sourceTree = "<group>";
		};
		BBAB23CA13894EDB00AA2426 /* 3rd party frameworks */ = {
			isa = PBXGroup;
			children = (
				BBAB23BE13894E4700AA2426 /* GLUT.framework */,
			);
			name = "3rd party frameworks";
			sourceTree = "<group>";
		};
		E4328144138ABC890047C5CB /* Products */ = {
			isa = PBXGroup;
			children = (
				E4328148138ABC890047C5CB /* openFrameworksDebug.a */,
			);
			name = Products;
			sourceTree = "<group>";
		};
		E45BE5980E8CC70C009D7055 /* frameworks */ = {
			isa = PBXGroup;
			children = (
				BBAB23CA13894EDB00AA2426 /* 3rd party frameworks */,
				BBAB23C913894ECA00AA2426 /* system frameworks */,
			);
			name = frameworks;
			sourceTree = "<group>";
		};
		E4B69B4A0A3A1720003C02F2 = {
			isa = PBXGroup;
			children = (
				E4B6FCAD0C3E899E008CF71C /* openFrameworks-Info.plist */,
				E4EB6923138AFD0F00A09F29 /* Project.xcconfig */,
				E4B69E1C0A3A1BDC003C02F2 /* src */,
				E4EEC9E9138DF44700A80321 /* openFrameworks */,
				BB4B014C10F69532006C3DED /* addons */,
				E45BE5980E8CC70C009D7055 /* frameworks */,
				E4B69B5B0A3A1756003C02F2 /* FTGLFTWExampleDebug.app */,
			);
			sourceTree = "<group>";
		};
		E4B69E1C0A3A1BDC003C02F2 /* src */ = {
			isa = PBXGroup;
			children = (
				E4B69E1D0A3A1BDC003C02F2 /* main.cpp */,
				E4B69E1F0A3A1BDC003C02F2 /* testApp.h */,
				E4B69E1E0A3A1BDC003C02F2 /* testApp.cpp */,
			);
			path = src;
			sourceTree = SOURCE_ROOT;
		};
		E4EEC9E9138DF44700A80321 /* openFrameworks */ = {
			isa = PBXGroup;
			children = (
				E4EB691F138AFCF100A09F29 /* CoreOF.xcconfig */,
				E4328143138ABC890047C5CB /* openFrameworksLib.xcodeproj */,
			);
			name = openFrameworks;
			sourceTree = "<group>";
		};
		E76B8FA413E1E16A0091E482 /* ofxFTGL */ = {
			isa = PBXGroup;
			children = (
				E76B908513E1E16A0091E482 /* libs */,
				E76B90E213E1E16A0091E482 /* src */,
			);
			name = ofxFTGL;
			path = ../../ofxFTGL;
			sourceTree = SOURCE_ROOT;
		};
		E76B908513E1E16A0091E482 /* libs */ = {
			isa = PBXGroup;
			children = (
				E76B908613E1E16A0091E482 /* FTGL */,
			);
			path = libs;
			sourceTree = "<group>";
		};
		E76B908613E1E16A0091E482 /* FTGL */ = {
			isa = PBXGroup;
			children = (
				E76B908713E1E16A0091E482 /* src */,
			);
			path = FTGL;
			sourceTree = "<group>";
		};
		E76B908713E1E16A0091E482 /* src */ = {
			isa = PBXGroup;
			children = (
				E76B908813E1E16A0091E482 /* config.h */,
				E76B908913E1E16A0091E482 /* FTBuffer.cpp */,
				E76B908A13E1E16A0091E482 /* FTCharmap.cpp */,
				E76B908B13E1E16A0091E482 /* FTCharmap.h */,
				E76B908C13E1E16A0091E482 /* FTCharToGlyphIndexMap.h */,
				E76B908D13E1E16A0091E482 /* FTContour.cpp */,
				E76B908E13E1E16A0091E482 /* FTContour.h */,
				E76B908F13E1E16A0091E482 /* FTFace.cpp */,
				E76B909013E1E16A0091E482 /* FTFace.h */,
				E76B909113E1E16A0091E482 /* FTFont */,
				E76B90A313E1E16A0091E482 /* FTGL */,
				E76B90BA13E1E16A0091E482 /* FTGlyph */,
				E76B90CC13E1E16A0091E482 /* FTGlyphContainer.cpp */,
				E76B90CD13E1E16A0091E482 /* FTGlyphContainer.h */,
				E76B90CE13E1E16A0091E482 /* FTInternals.h */,
				E76B90CF13E1E16A0091E482 /* FTLayout */,
				E76B90D513E1E16A0091E482 /* FTLibrary.cpp */,
				E76B90D613E1E16A0091E482 /* FTLibrary.h */,
				E76B90D713E1E16A0091E482 /* FTList.h */,
				E76B90D813E1E16A0091E482 /* FTPoint.cpp */,
				E76B90D913E1E16A0091E482 /* FTSize.cpp */,
				E76B90DA13E1E16A0091E482 /* FTSize.h */,
				E76B90DB13E1E16A0091E482 /* FTUnicode.h */,
				E76B90DC13E1E16A0091E482 /* FTVector.h */,
				E76B90DD13E1E16A0091E482 /* FTVectoriser.cpp */,
				E76B90DE13E1E16A0091E482 /* FTVectoriser.h */,
				E76B90DF13E1E16A0091E482 /* Makefile.am */,
				E76B90E013E1E16A0091E482 /* Makefile.in */,
			);
			path = src;
			sourceTree = "<group>";
		};
		E76B909113E1E16A0091E482 /* FTFont */ = {
			isa = PBXGroup;
			children = (
				E76B909213E1E16A0091E482 /* FTBitmapFont.cpp */,
				E76B909313E1E16A0091E482 /* FTBitmapFontImpl.h */,
				E76B909413E1E16A0091E482 /* FTBufferFont.cpp */,
				E76B909513E1E16A0091E482 /* FTBufferFontImpl.h */,
				E76B909613E1E16A0091E482 /* FTExtrudeFont.cpp */,
				E76B909713E1E16A0091E482 /* FTExtrudeFontImpl.h */,
				E76B909813E1E16A0091E482 /* FTFont.cpp */,
				E76B909913E1E16A0091E482 /* FTFontGlue.cpp */,
				E76B909A13E1E16A0091E482 /* FTFontImpl.h */,
				E76B909B13E1E16A0091E482 /* FTOutlineFont.cpp */,
				E76B909C13E1E16A0091E482 /* FTOutlineFontImpl.h */,
				E76B909D13E1E16A0091E482 /* FTPixmapFont.cpp */,
				E76B909E13E1E16A0091E482 /* FTPixmapFontImpl.h */,
				E76B909F13E1E16A0091E482 /* FTPolygonFont.cpp */,
				E76B90A013E1E16A0091E482 /* FTPolygonFontImpl.h */,
				E76B90A113E1E16A0091E482 /* FTTextureFont.cpp */,
				E76B90A213E1E16A0091E482 /* FTTextureFontImpl.h */,
			);
			path = FTFont;
			sourceTree = "<group>";
		};
		E76B90A313E1E16A0091E482 /* FTGL */ = {
			isa = PBXGroup;
			children = (
				E76B90A413E1E16A0091E482 /* FTBBox.h */,
				E76B90A513E1E16A0091E482 /* FTBitmapGlyph.h */,
				E76B90A613E1E16A0091E482 /* FTBuffer.h */,
				E76B90A713E1E16A0091E482 /* FTBufferFont.h */,
				E76B90A813E1E16A0091E482 /* FTBufferGlyph.h */,
				E76B90A913E1E16A0091E482 /* FTExtrdGlyph.h */,
				E76B90AA13E1E16A0091E482 /* FTFont.h */,
				E76B90AB13E1E16A0091E482 /* ftgl.h */,
				E76B90AC13E1E16A0091E482 /* FTGLBitmapFont.h */,
				E76B90AD13E1E16A0091E482 /* FTGLExtrdFont.h */,
				E76B90AE13E1E16A0091E482 /* FTGLOutlineFont.h */,
				E76B90AF13E1E16A0091E482 /* FTGLPixmapFont.h */,
				E76B90B013E1E16A0091E482 /* FTGLPolygonFont.h */,
				E76B90B113E1E16A0091E482 /* FTGLTextureFont.h */,
				E76B90B213E1E16A0091E482 /* FTGlyph.h */,
				E76B90B313E1E16A0091E482 /* FTLayout.h */,
				E76B90B413E1E16A0091E482 /* FTOutlineGlyph.h */,
				E76B90B513E1E16A0091E482 /* FTPixmapGlyph.h */,
				E76B90B613E1E16A0091E482 /* FTPoint.h */,
				E76B90B713E1E16A0091E482 /* FTPolyGlyph.h */,
				E76B90B813E1E16A0091E482 /* FTSimpleLayout.h */,
				E76B90B913E1E16A0091E482 /* FTTextureGlyph.h */,
			);
			path = FTGL;
			sourceTree = "<group>";
		};
		E76B90BA13E1E16A0091E482 /* FTGlyph */ = {
			isa = PBXGroup;
			children = (
				E76B90BB13E1E16A0091E482 /* FTBitmapGlyph.cpp */,
				E76B90BC13E1E16A0091E482 /* FTBitmapGlyphImpl.h */,
				E76B90BD13E1E16A0091E482 /* FTBufferGlyph.cpp */,
				E76B90BE13E1E16A0091E482 /* FTBufferGlyphImpl.h */,
				E76B90BF13E1E16A0091E482 /* FTExtrudeGlyph.cpp */,
				E76B90C013E1E16A0091E482 /* FTExtrudeGlyphImpl.h */,
				E76B90C113E1E16A0091E482 /* FTGlyph.cpp */,
				E76B90C213E1E16A0091E482 /* FTGlyphGlue.cpp */,
				E76B90C313E1E16A0091E482 /* FTGlyphImpl.h */,
				E76B90C413E1E16A0091E482 /* FTOutlineGlyph.cpp */,
				E76B90C513E1E16A0091E482 /* FTOutlineGlyphImpl.h */,
				E76B90C613E1E16A0091E482 /* FTPixmapGlyph.cpp */,
				E76B90C713E1E16A0091E482 /* FTPixmapGlyphImpl.h */,
				E76B90C813E1E16A0091E482 /* FTPolygonGlyph.cpp */,
				E76B90C913E1E16A0091E482 /* FTPolygonGlyphImpl.h */,
				E76B90CA13E1E16A0091E482 /* FTTextureGlyph.cpp */,
				E76B90CB13E1E16A0091E482 /* FTTextureGlyphImpl.h */,
			);
			path = FTGlyph;
			sourceTree = "<group>";
		};
		E76B90CF13E1E16A0091E482 /* FTLayout */ = {
			isa = PBXGroup;
			children = (
				E76B90D013E1E16A0091E482 /* FTLayout.cpp */,
				E76B90D113E1E16A0091E482 /* FTLayoutGlue.cpp */,
				E76B90D213E1E16A0091E482 /* FTLayoutImpl.h */,
				E76B90D313E1E16A0091E482 /* FTSimpleLayout.cpp */,
				E76B90D413E1E16A0091E482 /* FTSimpleLayoutImpl.h */,
			);
			path = FTLayout;
			sourceTree = "<group>";
		};
		E76B90E213E1E16A0091E482 /* src */ = {
			isa = PBXGroup;
			children = (
				E76B90E313E1E16A0091E482 /* ofxFTGLFont.cpp */,
				E76B90E413E1E16A0091E482 /* ofxFTGLFont.h */,
			);
			path = src;
			sourceTree = "<group>";
		};
/* End PBXGroup section */

/* Begin PBXNativeTarget section */
		E4B69B5A0A3A1756003C02F2 /* FTGLFTWExample */ = {
			isa = PBXNativeTarget;
			buildConfigurationList = E4B69B5F0A3A1757003C02F2 /* Build configuration list for PBXNativeTarget "FTGLFTWExample" */;
			buildPhases = (
				E4B69B580A3A1756003C02F2 /* Sources */,
				E4B69B590A3A1756003C02F2 /* Frameworks */,
				E4B6FFFD0C3F9AB9008CF71C /* ShellScript */,
				E4C2427710CC5ABF004149E2 /* CopyFiles */,
			);
			buildRules = (
			);
			dependencies = (
				E4EEB9AC138B136A00A80321 /* PBXTargetDependency */,
			);
			name = FTGLFTWExample;
			productName = myOFApp;
			productReference = E4B69B5B0A3A1756003C02F2 /* FTGLFTWExampleDebug.app */;
			productType = "com.apple.product-type.application";
		};
/* End PBXNativeTarget section */

/* Begin PBXProject section */
		E4B69B4C0A3A1720003C02F2 /* Project object */ = {
			isa = PBXProject;
			buildConfigurationList = E4B69B4D0A3A1720003C02F2 /* Build configuration list for PBXProject "FTGLFTW" */;
			compatibilityVersion = "Xcode 2.4";
			developmentRegion = English;
			hasScannedForEncodings = 0;
			knownRegions = (
				English,
				Japanese,
				French,
				German,
			);
			mainGroup = E4B69B4A0A3A1720003C02F2;
			productRefGroup = E4B69B4A0A3A1720003C02F2;
			projectDirPath = "";
			projectReferences = (
				{
					ProductGroup = E4328144138ABC890047C5CB /* Products */;
					ProjectRef = E4328143138ABC890047C5CB /* openFrameworksLib.xcodeproj */;
				},
			);
			projectRoot = "";
			targets = (
				E4B69B5A0A3A1756003C02F2 /* FTGLFTWExample */,
			);
		};
/* End PBXProject section */

/* Begin PBXReferenceProxy section */
		E4328148138ABC890047C5CB /* openFrameworksDebug.a */ = {
			isa = PBXReferenceProxy;
			fileType = archive.ar;
			path = openFrameworksDebug.a;
			remoteRef = E4328147138ABC890047C5CB /* PBXContainerItemProxy */;
			sourceTree = BUILT_PRODUCTS_DIR;
		};
/* End PBXReferenceProxy section */

/* Begin PBXShellScriptBuildPhase section */
		E4B6FFFD0C3F9AB9008CF71C /* ShellScript */ = {
			isa = PBXShellScriptBuildPhase;
			buildActionMask = 2147483647;
			files = (
			);
			inputPaths = (
			);
			outputPaths = (
			);
			runOnlyForDeploymentPostprocessing = 0;
			shellPath = /bin/sh;
			shellScript = "cp -f ../../../libs/fmodex/lib/osx/libfmodex.dylib \"$TARGET_BUILD_DIR/$PRODUCT_NAME.app/Contents/MacOS/libfmodex.dylib\"; install_name_tool -change ./libfmodex.dylib @executable_path/libfmodex.dylib \"$TARGET_BUILD_DIR/$PRODUCT_NAME.app/Contents/MacOS/$PRODUCT_NAME\";";
		};
/* End PBXShellScriptBuildPhase section */

/* Begin PBXSourcesBuildPhase section */
		E4B69B580A3A1756003C02F2 /* Sources */ = {
			isa = PBXSourcesBuildPhase;
			buildActionMask = 2147483647;
			files = (
				E4B69E200A3A1BDC003C02F2 /* main.cpp in Sources */,
				E4B69E210A3A1BDC003C02F2 /* testApp.cpp in Sources */,
				E76B90E513E1E16A0091E482 /* FTBuffer.cpp in Sources */,
				E76B90E613E1E16A0091E482 /* FTCharmap.cpp in Sources */,
				E76B90E713E1E16A0091E482 /* FTContour.cpp in Sources */,
				E76B90E813E1E16A0091E482 /* FTFace.cpp in Sources */,
				E76B90E913E1E16A0091E482 /* FTBitmapFont.cpp in Sources */,
				E76B90EA13E1E16A0091E482 /* FTBufferFont.cpp in Sources */,
				E76B90EB13E1E16A0091E482 /* FTExtrudeFont.cpp in Sources */,
				E76B90EC13E1E16A0091E482 /* FTFont.cpp in Sources */,
				E76B90ED13E1E16A0091E482 /* FTFontGlue.cpp in Sources */,
				E76B90EE13E1E16A0091E482 /* FTOutlineFont.cpp in Sources */,
				E76B90EF13E1E16A0091E482 /* FTPixmapFont.cpp in Sources */,
				E76B90F013E1E16A0091E482 /* FTPolygonFont.cpp in Sources */,
				E76B90F113E1E16A0091E482 /* FTTextureFont.cpp in Sources */,
				E76B90F213E1E16A0091E482 /* FTBitmapGlyph.cpp in Sources */,
				E76B90F313E1E16A0091E482 /* FTBufferGlyph.cpp in Sources */,
				E76B90F413E1E16A0091E482 /* FTExtrudeGlyph.cpp in Sources */,
				E76B90F513E1E16A0091E482 /* FTGlyph.cpp in Sources */,
				E76B90F613E1E16A0091E482 /* FTGlyphGlue.cpp in Sources */,
				E76B90F713E1E16A0091E482 /* FTOutlineGlyph.cpp in Sources */,
				E76B90F813E1E16A0091E482 /* FTPixmapGlyph.cpp in Sources */,
				E76B90F913E1E16A0091E482 /* FTPolygonGlyph.cpp in Sources */,
				E76B90FA13E1E16A0091E482 /* FTTextureGlyph.cpp in Sources */,
				E76B90FB13E1E16A0091E482 /* FTGlyphContainer.cpp in Sources */,
				E76B90FC13E1E16A0091E482 /* FTLayout.cpp in Sources */,
				E76B90FD13E1E16A0091E482 /* FTLayoutGlue.cpp in Sources */,
				E76B90FE13E1E16A0091E482 /* FTSimpleLayout.cpp in Sources */,
				E76B90FF13E1E16A0091E482 /* FTLibrary.cpp in Sources */,
				E76B910013E1E16A0091E482 /* FTPoint.cpp in Sources */,
				E76B910113E1E16A0091E482 /* FTSize.cpp in Sources */,
				E76B910213E1E16A0091E482 /* FTVectoriser.cpp in Sources */,
				E76B910313E1E16A0091E482 /* ofxFTGLFont.cpp in Sources */,
			);
			runOnlyForDeploymentPostprocessing = 0;
		};
/* End PBXSourcesBuildPhase section */

/* Begin PBXTargetDependency section */
		E4EEB9AC138B136A00A80321 /* PBXTargetDependency */ = {
			isa = PBXTargetDependency;
			name = openFrameworks;
			targetProxy = E4EEB9AB138B136A00A80321 /* PBXContainerItemProxy */;
		};
/* End PBXTargetDependency section */

/* Begin XCBuildConfiguration section */
		E4B69B4E0A3A1720003C02F2 /* Debug */ = {
			isa = XCBuildConfiguration;
			baseConfigurationReference = E4EB6923138AFD0F00A09F29 /* Project.xcconfig */;
			buildSettings = {
				ARCHS = "$(NATIVE_ARCH)";
				CONFIGURATION_BUILD_DIR = "$(SRCROOT)/bin/";
				COPY_PHASE_STRIP = NO;
				DEAD_CODE_STRIPPING = YES;
				GCC_AUTO_VECTORIZATION = YES;
				GCC_ENABLE_SSE3_EXTENSIONS = YES;
				GCC_ENABLE_SUPPLEMENTAL_SSE3_INSTRUCTIONS = YES;
				GCC_INLINES_ARE_PRIVATE_EXTERN = NO;
				GCC_MODEL_TUNING = G5;
				GCC_SYMBOLS_PRIVATE_EXTERN = NO;
				GCC_WARN_ABOUT_DEPRECATED_FUNCTIONS = NO;
				GCC_WARN_ABOUT_INVALID_OFFSETOF_MACRO = NO;
				GCC_WARN_ALLOW_INCOMPLETE_PROTOCOL = NO;
				GCC_WARN_UNINITIALIZED_AUTOS = NO;
				GCC_WARN_UNUSED_VALUE = NO;
				GCC_WARN_UNUSED_VARIABLE = NO;
				HEADER_SEARCH_PATHS = (
					"../../../addons/ofxFTGL/libs/FTGL/**",
					"$(OF_CORE_HEADERS)",
				);
				OTHER_CPLUSPLUSFLAGS = (
					"-D__MACOSX_CORE__",
					"-lpthread",
				);
			};
			name = Debug;
		};
		E4B69B4F0A3A1720003C02F2 /* Release */ = {
			isa = XCBuildConfiguration;
			baseConfigurationReference = E4EB6923138AFD0F00A09F29 /* Project.xcconfig */;
			buildSettings = {
				ARCHS = "$(NATIVE_ARCH)";
				CONFIGURATION_BUILD_DIR = "$(SRCROOT)/bin/";
				COPY_PHASE_STRIP = YES;
				DEAD_CODE_STRIPPING = YES;
				GCC_AUTO_VECTORIZATION = YES;
				GCC_ENABLE_SSE3_EXTENSIONS = YES;
				GCC_ENABLE_SUPPLEMENTAL_SSE3_INSTRUCTIONS = YES;
				GCC_INLINES_ARE_PRIVATE_EXTERN = NO;
				GCC_MODEL_TUNING = G5;
				GCC_OPTIMIZATION_LEVEL = 3;
				GCC_SYMBOLS_PRIVATE_EXTERN = NO;
				GCC_UNROLL_LOOPS = YES;
				GCC_WARN_ABOUT_DEPRECATED_FUNCTIONS = NO;
				GCC_WARN_ABOUT_INVALID_OFFSETOF_MACRO = NO;
				GCC_WARN_ALLOW_INCOMPLETE_PROTOCOL = NO;
				GCC_WARN_UNINITIALIZED_AUTOS = NO;
				GCC_WARN_UNUSED_VALUE = NO;
				GCC_WARN_UNUSED_VARIABLE = NO;
				OTHER_CPLUSPLUSFLAGS = (
					"-D__MACOSX_CORE__",
					"-lpthread",
				);
			};
			name = Release;
		};
		E4B69B600A3A1757003C02F2 /* Debug */ = {
			isa = XCBuildConfiguration;
			buildSettings = {
				COPY_PHASE_STRIP = NO;
				FRAMEWORK_SEARCH_PATHS = (
					"$(inherited)",
					"$(FRAMEWORK_SEARCH_PATHS_QUOTED_FOR_TARGET_1)",
				);
				FRAMEWORK_SEARCH_PATHS_QUOTED_FOR_TARGET_1 = "\"$(SRCROOT)/../../../libs/glut/lib/osx\"";
				GCC_DYNAMIC_NO_PIC = NO;
				GCC_ENABLE_FIX_AND_CONTINUE = YES;
				GCC_GENERATE_DEBUGGING_SYMBOLS = YES;
				GCC_MODEL_TUNING = G4;
				GCC_PRECOMPILE_PREFIX_HEADER = YES;
				GCC_PREFIX_HEADER = "$(SYSTEM_LIBRARY_DIR)/Frameworks/Carbon.framework/Headers/Carbon.h";
				INFOPLIST_FILE = "openFrameworks-Info.plist";
				INSTALL_PATH = "$(HOME)/Applications";
				LIBRARY_SEARCH_PATHS = (
					"$(inherited)",
					"$(LIBRARY_SEARCH_PATHS_QUOTED_FOR_TARGET_1)",
					"$(LIBRARY_SEARCH_PATHS_QUOTED_FOR_TARGET_2)",
					"$(LIBRARY_SEARCH_PATHS_QUOTED_FOR_TARGET_3)",
					"$(LIBRARY_SEARCH_PATHS_QUOTED_FOR_TARGET_4)",
					"$(LIBRARY_SEARCH_PATHS_QUOTED_FOR_TARGET_5)",
					"$(LIBRARY_SEARCH_PATHS_QUOTED_FOR_TARGET_6)",
					"$(LIBRARY_SEARCH_PATHS_QUOTED_FOR_TARGET_7)",
					"$(LIBRARY_SEARCH_PATHS_QUOTED_FOR_TARGET_8)",
					"$(LIBRARY_SEARCH_PATHS_QUOTED_FOR_TARGET_9)",
					"$(LIBRARY_SEARCH_PATHS_QUOTED_FOR_TARGET_10)",
					"$(LIBRARY_SEARCH_PATHS_QUOTED_FOR_TARGET_11)",
					"$(LIBRARY_SEARCH_PATHS_QUOTED_FOR_TARGET_12)",
					"$(LIBRARY_SEARCH_PATHS_QUOTED_FOR_TARGET_13)",
					"$(LIBRARY_SEARCH_PATHS_QUOTED_FOR_TARGET_14)",
					"$(LIBRARY_SEARCH_PATHS_QUOTED_FOR_TARGET_15)",
					"$(LIBRARY_SEARCH_PATHS_QUOTED_FOR_TARGET_2)",
					"$(LIBRARY_SEARCH_PATHS_QUOTED_FOR_TARGET_3)",
					"$(LIBRARY_SEARCH_PATHS_QUOTED_FOR_TARGET_7)",
					"$(LIBRARY_SEARCH_PATHS_QUOTED_FOR_TARGET_8)",
					"$(LIBRARY_SEARCH_PATHS_QUOTED_FOR_TARGET_9)",
					"$(LIBRARY_SEARCH_PATHS_QUOTED_FOR_TARGET_10)",
					"$(LIBRARY_SEARCH_PATHS_QUOTED_FOR_TARGET_11)",
					"$(LIBRARY_SEARCH_PATHS_QUOTED_FOR_TARGET_12)",
					"$(LIBRARY_SEARCH_PATHS_QUOTED_FOR_TARGET_13)",
					"$(LIBRARY_SEARCH_PATHS_QUOTED_FOR_TARGET_16)",
					"$(LIBRARY_SEARCH_PATHS_QUOTED_FOR_TARGET_17)",
					"$(LIBRARY_SEARCH_PATHS_QUOTED_FOR_TARGET_18)",
					"$(LIBRARY_SEARCH_PATHS_QUOTED_FOR_TARGET_19)",
					"$(LIBRARY_SEARCH_PATHS_QUOTED_FOR_TARGET_20)",
					"$(LIBRARY_SEARCH_PATHS_QUOTED_FOR_TARGET_21)",
					"$(LIBRARY_SEARCH_PATHS_QUOTED_FOR_TARGET_22)",
					"$(LIBRARY_SEARCH_PATHS_QUOTED_FOR_TARGET_23)",
					"$(LIBRARY_SEARCH_PATHS_QUOTED_FOR_TARGET_24)",
					"$(LIBRARY_SEARCH_PATHS_QUOTED_FOR_TARGET_25)",
					"$(LIBRARY_SEARCH_PATHS_QUOTED_FOR_TARGET_26)",
					"$(LIBRARY_SEARCH_PATHS_QUOTED_FOR_TARGET_27)",
					"$(LIBRARY_SEARCH_PATHS_QUOTED_FOR_TARGET_28)",
					"$(LIBRARY_SEARCH_PATHS_QUOTED_FOR_TARGET_29)",
					"$(LIBRARY_SEARCH_PATHS_QUOTED_FOR_TARGET_30)",
					"$(LIBRARY_SEARCH_PATHS_QUOTED_FOR_TARGET_31)",
					"$(LIBRARY_SEARCH_PATHS_QUOTED_FOR_TARGET_32)",
					"$(LIBRARY_SEARCH_PATHS_QUOTED_FOR_TARGET_33)",
					"$(LIBRARY_SEARCH_PATHS_QUOTED_FOR_TARGET_34)",
					"$(LIBRARY_SEARCH_PATHS_QUOTED_FOR_TARGET_35)",
					"$(LIBRARY_SEARCH_PATHS_QUOTED_FOR_TARGET_36)",
					"$(LIBRARY_SEARCH_PATHS_QUOTED_FOR_TARGET_37)",
					"$(LIBRARY_SEARCH_PATHS_QUOTED_FOR_TARGET_38)",
					"$(LIBRARY_SEARCH_PATHS_QUOTED_FOR_TARGET_39)",
					"$(LIBRARY_SEARCH_PATHS_QUOTED_FOR_TARGET_40)",
					"$(LIBRARY_SEARCH_PATHS_QUOTED_FOR_TARGET_41)",
					"$(LIBRARY_SEARCH_PATHS_QUOTED_FOR_TARGET_42)",
					"$(LIBRARY_SEARCH_PATHS_QUOTED_FOR_TARGET_43)",
					"$(LIBRARY_SEARCH_PATHS_QUOTED_FOR_TARGET_44)",
					"$(LIBRARY_SEARCH_PATHS_QUOTED_FOR_TARGET_45)",
					"$(LIBRARY_SEARCH_PATHS_QUOTED_FOR_TARGET_46)",
					"$(LIBRARY_SEARCH_PATHS_QUOTED_FOR_TARGET_47)",
					"$(LIBRARY_SEARCH_PATHS_QUOTED_FOR_TARGET_48)",
					"$(LIBRARY_SEARCH_PATHS_QUOTED_FOR_TARGET_49)",
					"$(LIBRARY_SEARCH_PATHS_QUOTED_FOR_TARGET_50)",
					"$(LIBRARY_SEARCH_PATHS_QUOTED_FOR_TARGET_51)",
					"$(LIBRARY_SEARCH_PATHS_QUOTED_FOR_TARGET_52)",
				);
				PREBINDING = NO;
				PRODUCT_NAME = FTGLFTWExampleDebug;
				WRAPPER_EXTENSION = app;
			};
			name = Debug;
		};
		E4B69B610A3A1757003C02F2 /* Release */ = {
			isa = XCBuildConfiguration;
			buildSettings = {
				COPY_PHASE_STRIP = YES;
				FRAMEWORK_SEARCH_PATHS = (
					"$(inherited)",
					"$(FRAMEWORK_SEARCH_PATHS_QUOTED_FOR_TARGET_1)",
				);
				FRAMEWORK_SEARCH_PATHS_QUOTED_FOR_TARGET_1 = "\"$(SRCROOT)/../../../libs/glut/lib/osx\"";
				GCC_ENABLE_FIX_AND_CONTINUE = NO;
				GCC_GENERATE_DEBUGGING_SYMBOLS = NO;
				GCC_MODEL_TUNING = G4;
				GCC_PRECOMPILE_PREFIX_HEADER = YES;
				GCC_PREFIX_HEADER = "$(SYSTEM_LIBRARY_DIR)/Frameworks/Carbon.framework/Headers/Carbon.h";
				INFOPLIST_FILE = "openFrameworks-Info.plist";
				INSTALL_PATH = "$(HOME)/Applications";
				LIBRARY_SEARCH_PATHS = (
					"$(inherited)",
					"$(LIBRARY_SEARCH_PATHS_QUOTED_FOR_TARGET_1)",
					"$(LIBRARY_SEARCH_PATHS_QUOTED_FOR_TARGET_2)",
					"$(LIBRARY_SEARCH_PATHS_QUOTED_FOR_TARGET_3)",
					"$(LIBRARY_SEARCH_PATHS_QUOTED_FOR_TARGET_4)",
					"$(LIBRARY_SEARCH_PATHS_QUOTED_FOR_TARGET_5)",
					"$(LIBRARY_SEARCH_PATHS_QUOTED_FOR_TARGET_6)",
					"$(LIBRARY_SEARCH_PATHS_QUOTED_FOR_TARGET_7)",
					"$(LIBRARY_SEARCH_PATHS_QUOTED_FOR_TARGET_8)",
					"$(LIBRARY_SEARCH_PATHS_QUOTED_FOR_TARGET_9)",
					"$(LIBRARY_SEARCH_PATHS_QUOTED_FOR_TARGET_10)",
					"$(LIBRARY_SEARCH_PATHS_QUOTED_FOR_TARGET_11)",
					"$(LIBRARY_SEARCH_PATHS_QUOTED_FOR_TARGET_12)",
					"$(LIBRARY_SEARCH_PATHS_QUOTED_FOR_TARGET_13)",
					"$(LIBRARY_SEARCH_PATHS_QUOTED_FOR_TARGET_14)",
					"$(LIBRARY_SEARCH_PATHS_QUOTED_FOR_TARGET_15)",
					"$(LIBRARY_SEARCH_PATHS_QUOTED_FOR_TARGET_2)",
					"$(LIBRARY_SEARCH_PATHS_QUOTED_1)",
					"$(LIBRARY_SEARCH_PATHS_QUOTED_FOR_TARGET_3)",
					"$(LIBRARY_SEARCH_PATHS_QUOTED_FOR_TARGET_7)",
					"$(LIBRARY_SEARCH_PATHS_QUOTED_FOR_TARGET_8)",
					"$(LIBRARY_SEARCH_PATHS_QUOTED_FOR_TARGET_9)",
					"$(LIBRARY_SEARCH_PATHS_QUOTED_FOR_TARGET_10)",
					"$(LIBRARY_SEARCH_PATHS_QUOTED_FOR_TARGET_11)",
					"$(LIBRARY_SEARCH_PATHS_QUOTED_FOR_TARGET_12)",
					"$(LIBRARY_SEARCH_PATHS_QUOTED_FOR_TARGET_13)",
					"$(LIBRARY_SEARCH_PATHS_QUOTED_FOR_TARGET_16)",
					"$(LIBRARY_SEARCH_PATHS_QUOTED_FOR_TARGET_17)",
					"$(LIBRARY_SEARCH_PATHS_QUOTED_FOR_TARGET_18)",
					"$(LIBRARY_SEARCH_PATHS_QUOTED_FOR_TARGET_19)",
					"$(LIBRARY_SEARCH_PATHS_QUOTED_FOR_TARGET_20)",
					"$(LIBRARY_SEARCH_PATHS_QUOTED_FOR_TARGET_21)",
					"$(LIBRARY_SEARCH_PATHS_QUOTED_FOR_TARGET_22)",
					"$(LIBRARY_SEARCH_PATHS_QUOTED_FOR_TARGET_23)",
					"$(LIBRARY_SEARCH_PATHS_QUOTED_FOR_TARGET_24)",
					"$(LIBRARY_SEARCH_PATHS_QUOTED_FOR_TARGET_25)",
					"$(LIBRARY_SEARCH_PATHS_QUOTED_FOR_TARGET_26)",
					"$(LIBRARY_SEARCH_PATHS_QUOTED_FOR_TARGET_27)",
					"$(LIBRARY_SEARCH_PATHS_QUOTED_FOR_TARGET_28)",
					"$(LIBRARY_SEARCH_PATHS_QUOTED_FOR_TARGET_29)",
					"$(LIBRARY_SEARCH_PATHS_QUOTED_FOR_TARGET_30)",
					"$(LIBRARY_SEARCH_PATHS_QUOTED_FOR_TARGET_31)",
					"$(LIBRARY_SEARCH_PATHS_QUOTED_FOR_TARGET_32)",
					"$(LIBRARY_SEARCH_PATHS_QUOTED_FOR_TARGET_33)",
					"$(LIBRARY_SEARCH_PATHS_QUOTED_FOR_TARGET_34)",
					"$(LIBRARY_SEARCH_PATHS_QUOTED_FOR_TARGET_35)",
					"$(LIBRARY_SEARCH_PATHS_QUOTED_FOR_TARGET_36)",
					"$(LIBRARY_SEARCH_PATHS_QUOTED_FOR_TARGET_37)",
					"$(LIBRARY_SEARCH_PATHS_QUOTED_FOR_TARGET_38)",
					"$(LIBRARY_SEARCH_PATHS_QUOTED_FOR_TARGET_39)",
					"$(LIBRARY_SEARCH_PATHS_QUOTED_FOR_TARGET_40)",
					"$(LIBRARY_SEARCH_PATHS_QUOTED_FOR_TARGET_41)",
					"$(LIBRARY_SEARCH_PATHS_QUOTED_FOR_TARGET_42)",
					"$(LIBRARY_SEARCH_PATHS_QUOTED_FOR_TARGET_43)",
					"$(LIBRARY_SEARCH_PATHS_QUOTED_FOR_TARGET_44)",
					"$(LIBRARY_SEARCH_PATHS_QUOTED_FOR_TARGET_45)",
					"$(LIBRARY_SEARCH_PATHS_QUOTED_FOR_TARGET_46)",
					"$(LIBRARY_SEARCH_PATHS_QUOTED_FOR_TARGET_47)",
					"$(LIBRARY_SEARCH_PATHS_QUOTED_FOR_TARGET_48)",
					"$(LIBRARY_SEARCH_PATHS_QUOTED_FOR_TARGET_49)",
					"$(LIBRARY_SEARCH_PATHS_QUOTED_FOR_TARGET_50)",
					"$(LIBRARY_SEARCH_PATHS_QUOTED_FOR_TARGET_51)",
				);
				PREBINDING = NO;
				PRODUCT_NAME = FTGLFTWExample;
				WRAPPER_EXTENSION = app;
			};
			name = Release;
		};
/* End XCBuildConfiguration section */

/* Begin XCConfigurationList section */
		E4B69B4D0A3A1720003C02F2 /* Build configuration list for PBXProject "FTGLFTW" */ = {
			isa = XCConfigurationList;
			buildConfigurations = (
				E4B69B4E0A3A1720003C02F2 /* Debug */,
				E4B69B4F0A3A1720003C02F2 /* Release */,
			);
			defaultConfigurationIsVisible = 0;
			defaultConfigurationName = Release;
		};
		E4B69B5F0A3A1757003C02F2 /* Build configuration list for PBXNativeTarget "FTGLFTWExample" */ = {
			isa = XCConfigurationList;
			buildConfigurations = (
				E4B69B600A3A1757003C02F2 /* Debug */,
				E4B69B610A3A1757003C02F2 /* Release */,
			);
			defaultConfigurationIsVisible = 0;
			defaultConfigurationName = Release;
		};
/* End XCConfigurationList section */
	};
	rootObject = E4B69B4C0A3A1720003C02F2 /* Project object */;
}
